
Microsoft Visual Studio Solution File, Format Version 12.00
# Visual Studio Version 17
VisualStudioVersion = 17.5.2.0
MinimumVisualStudioVersion = 10.0.40219.1
Project("{2150E333-8FDC-42A3-9474-1A3956D46DE8}") = "Tools", "Tools", "{07C2787E-EAC7-C090-1BA3-A61EC2A24D84}"
EndProject
Project("{2150E333-8FDC-42A3-9474-1A3956D46DE8}") = "Domain APIs", "Domain APIs", "{2E2423DC-6AAD-43E1-BB0D-E5979050D26C}"
EndProject
Project("{2150E333-8FDC-42A3-9474-1A3956D46DE8}") = "MCP Servers", "MCP Servers", "{9B5E729A-9968-4759-9758-660266DC520B}"
EndProject
Project("{2150E333-8FDC-42A3-9474-1A3956D46DE8}") = "Agents", "Agents", "{65D94FE7-9303-4769-B0EC-4586F5D12BBE}"
EndProject
Project("{2150E333-8FDC-42A3-9474-1A3956D46DE8}") = "Frontend", "Frontend", "{32696785-5465-433E-AA0B-435696DF3022}"
EndProject
Project("{2150E333-8FDC-42A3-9474-1A3956D46DE8}") = "Infrastructure", "Infrastructure", "{E5AC8E9B-7C3E-4F9E-8A2D-1B9C5D3F6E2A}"
EndProject
Project("{FAE04EC0-301F-11D3-BF4B-00C04F79EFBC}") = "config-sync", "src\config-sync\config-sync.csproj", "{C8AF6C30-F635-441E-9414-1943B00BA11A}"
EndProject
Project("{FAE04EC0-301F-11D3-BF4B-00C04F79EFBC}") = "seed-data", "src\seed-data\seed-data.csproj", "{CB3A0AFC-65A7-41FC-A7C8-85D8C29AE556}"
EndProject
Project("{FAE04EC0-301F-11D3-BF4B-00C04F79EFBC}") = "simple-agent", "src\simple-agent\simple-agent.csproj", "{C523B811-2A18-4003-971A-F661BCB38B7C}"
EndProject
Project("{FAE04EC0-301F-11D3-BF4B-00C04F79EFBC}") = "Contoso.CrmApi", "src\crm-api\Contoso.CrmApi.csproj", "{B3E67CC2-E9C2-4BF0-9002-60D5F07B70CA}"
EndProject
Project("{FAE04EC0-301F-11D3-BF4B-00C04F79EFBC}") = "Contoso.CrmMcp", "src\crm-mcp\Contoso.CrmMcp.csproj", "{216E0BE9-FF33-4B37-93FA-8374A5D8CCBE}"
EndProject
Project("{FAE04EC0-301F-11D3-BF4B-00C04F79EFBC}") = "Contoso.KnowledgeMcp", "src\knowledge-mcp\Contoso.KnowledgeMcp.csproj", "{8BC1AB6A-4BAB-42D1-ABEF-F704BE130BD2}"
EndProject
Project("{FAE04EC0-301F-11D3-BF4B-00C04F79EFBC}") = "Contoso.CrmAgent", "src\crm-agent\Contoso.CrmAgent.csproj", "{1EF5D3EE-977E-4BD0-B2C2-9FDCC95268EF}"
EndProject
Project("{FAE04EC0-301F-11D3-BF4B-00C04F79EFBC}") = "Contoso.ProductAgent", "src\product-agent\Contoso.ProductAgent.csproj", "{069A1038-92E7-463B-9B7C-3BEA91397D8D}"
EndProject
Project("{FAE04EC0-301F-11D3-BF4B-00C04F79EFBC}") = "Contoso.OrchestratorAgent", "src\orchestrator-agent\Contoso.OrchestratorAgent.csproj", "{6FAEB21E-CFB9-4BD0-9A9A-52BC0BCD0389}"
EndProject
Project("{FAE04EC0-301F-11D3-BF4B-00C04F79EFBC}") = "Contoso.BffApi", "src\bff-api\Contoso.BffApi.csproj", "{24D0C05C-2DE4-4CA9-89A6-945AE0FFBC5C}"
EndProject
Project("{FAE04EC0-301F-11D3-BF4B-00C04F79EFBC}") = "Contoso.BlazorUi", "src\blazor-ui\Contoso.BlazorUi.csproj", "{B31FAA34-BF24-4FD4-B31D-78F4ACA998E0}"
EndProject
Project("{FAE04EC0-301F-11D3-BF4B-00C04F79EFBC}") = "Contoso.AppHost", "src\AppHost\Contoso.AppHost.csproj", "{9B94DEBA-BA6F-485E-8D7D-5C6AABB70699}"
EndProject
Project("{FAE04EC0-301F-11D3-BF4B-00C04F79EFBC}") = "Contoso.ServiceDefaults", "src\ServiceDefaults\Contoso.ServiceDefaults.csproj", "{04865C29-FE56-458F-A7B5-BE49DF764E7F}"
EndProject
Global
	GlobalSection(SolutionConfigurationPlatforms) = preSolution
		Debug|Any CPU = Debug|Any CPU
		Debug|x64 = Debug|x64
		Debug|x86 = Debug|x86
		Release|Any CPU = Release|Any CPU
		Release|x64 = Release|x64
		Release|x86 = Release|x86
	EndGlobalSection
	GlobalSection(ProjectConfigurationPlatforms) = postSolution
		{B3E67CC2-E9C2-4BF0-9002-60D5F07B70CA}.Debug|Any CPU.ActiveCfg = Debug|Any CPU
		{B3E67CC2-E9C2-4BF0-9002-60D5F07B70CA}.Debug|Any CPU.Build.0 = Debug|Any CPU
		{B3E67CC2-E9C2-4BF0-9002-60D5F07B70CA}.Debug|x64.ActiveCfg = Debug|Any CPU
		{B3E67CC2-E9C2-4BF0-9002-60D5F07B70CA}.Debug|x64.Build.0 = Debug|Any CPU
		{B3E67CC2-E9C2-4BF0-9002-60D5F07B70CA}.Debug|x86.ActiveCfg = Debug|Any CPU
		{B3E67CC2-E9C2-4BF0-9002-60D5F07B70CA}.Debug|x86.Build.0 = Debug|Any CPU
		{B3E67CC2-E9C2-4BF0-9002-60D5F07B70CA}.Release|Any CPU.ActiveCfg = Release|Any CPU
		{B3E67CC2-E9C2-4BF0-9002-60D5F07B70CA}.Release|Any CPU.Build.0 = Release|Any CPU
		{B3E67CC2-E9C2-4BF0-9002-60D5F07B70CA}.Release|x64.ActiveCfg = Release|Any CPU
		{B3E67CC2-E9C2-4BF0-9002-60D5F07B70CA}.Release|x64.Build.0 = Release|Any CPU
		{B3E67CC2-E9C2-4BF0-9002-60D5F07B70CA}.Release|x86.ActiveCfg = Release|Any CPU
		{B3E67CC2-E9C2-4BF0-9002-60D5F07B70CA}.Release|x86.Build.0 = Release|Any CPU
		{C8AF6C30-F635-441E-9414-1943B00BA11A}.Debug|Any CPU.ActiveCfg = Debug|Any CPU
		{C8AF6C30-F635-441E-9414-1943B00BA11A}.Debug|Any CPU.Build.0 = Debug|Any CPU
		{C8AF6C30-F635-441E-9414-1943B00BA11A}.Debug|x64.ActiveCfg = Debug|Any CPU
		{C8AF6C30-F635-441E-9414-1943B00BA11A}.Debug|x64.Build.0 = Debug|Any CPU
		{C8AF6C30-F635-441E-9414-1943B00BA11A}.Debug|x86.ActiveCfg = Debug|Any CPU
		{C8AF6C30-F635-441E-9414-1943B00BA11A}.Debug|x86.Build.0 = Debug|Any CPU
		{C8AF6C30-F635-441E-9414-1943B00BA11A}.Release|Any CPU.ActiveCfg = Release|Any CPU
		{C8AF6C30-F635-441E-9414-1943B00BA11A}.Release|Any CPU.Build.0 = Release|Any CPU
		{C8AF6C30-F635-441E-9414-1943B00BA11A}.Release|x64.ActiveCfg = Release|Any CPU
		{C8AF6C30-F635-441E-9414-1943B00BA11A}.Release|x64.Build.0 = Release|Any CPU
		{C8AF6C30-F635-441E-9414-1943B00BA11A}.Release|x86.ActiveCfg = Release|Any CPU
		{C8AF6C30-F635-441E-9414-1943B00BA11A}.Release|x86.Build.0 = Release|Any CPU
		{CB3A0AFC-65A7-41FC-A7C8-85D8C29AE556}.Debug|Any CPU.ActiveCfg = Debug|Any CPU
		{CB3A0AFC-65A7-41FC-A7C8-85D8C29AE556}.Debug|Any CPU.Build.0 = Debug|Any CPU
		{CB3A0AFC-65A7-41FC-A7C8-85D8C29AE556}.Debug|x64.ActiveCfg = Debug|Any CPU
		{CB3A0AFC-65A7-41FC-A7C8-85D8C29AE556}.Debug|x64.Build.0 = Debug|Any CPU
		{CB3A0AFC-65A7-41FC-A7C8-85D8C29AE556}.Debug|x86.ActiveCfg = Debug|Any CPU
		{CB3A0AFC-65A7-41FC-A7C8-85D8C29AE556}.Debug|x86.Build.0 = Debug|Any CPU
		{CB3A0AFC-65A7-41FC-A7C8-85D8C29AE556}.Release|Any CPU.ActiveCfg = Release|Any CPU
		{CB3A0AFC-65A7-41FC-A7C8-85D8C29AE556}.Release|Any CPU.Build.0 = Release|Any CPU
		{CB3A0AFC-65A7-41FC-A7C8-85D8C29AE556}.Release|x64.ActiveCfg = Release|Any CPU
		{CB3A0AFC-65A7-41FC-A7C8-85D8C29AE556}.Release|x64.Build.0 = Release|Any CPU
		{CB3A0AFC-65A7-41FC-A7C8-85D8C29AE556}.Release|x86.ActiveCfg = Release|Any CPU
		{CB3A0AFC-65A7-41FC-A7C8-85D8C29AE556}.Release|x86.Build.0 = Release|Any CPU
		{C523B811-2A18-4003-971A-F661BCB38B7C}.Debug|Any CPU.ActiveCfg = Debug|Any CPU
		{C523B811-2A18-4003-971A-F661BCB38B7C}.Debug|Any CPU.Build.0 = Debug|Any CPU
		{C523B811-2A18-4003-971A-F661BCB38B7C}.Debug|x64.ActiveCfg = Debug|Any CPU
		{C523B811-2A18-4003-971A-F661BCB38B7C}.Debug|x64.Build.0 = Debug|Any CPU
		{C523B811-2A18-4003-971A-F661BCB38B7C}.Debug|x86.ActiveCfg = Debug|Any CPU
		{C523B811-2A18-4003-971A-F661BCB38B7C}.Debug|x86.Build.0 = Debug|Any CPU
		{C523B811-2A18-4003-971A-F661BCB38B7C}.Release|Any CPU.ActiveCfg = Release|Any CPU
		{C523B811-2A18-4003-971A-F661BCB38B7C}.Release|Any CPU.Build.0 = Release|Any CPU
		{C523B811-2A18-4003-971A-F661BCB38B7C}.Release|x64.ActiveCfg = Release|Any CPU
		{C523B811-2A18-4003-971A-F661BCB38B7C}.Release|x64.Build.0 = Release|Any CPU
		{C523B811-2A18-4003-971A-F661BCB38B7C}.Release|x86.ActiveCfg = Release|Any CPU
		{C523B811-2A18-4003-971A-F661BCB38B7C}.Release|x86.Build.0 = Release|Any CPU
		{9B94DEBA-BA6F-485E-8D7D-5C6AABB70699}.Debug|Any CPU.ActiveCfg = Debug|Any CPU
		{9B94DEBA-BA6F-485E-8D7D-5C6AABB70699}.Debug|Any CPU.Build.0 = Debug|Any CPU
		{9B94DEBA-BA6F-485E-8D7D-5C6AABB70699}.Debug|x64.ActiveCfg = Debug|Any CPU
		{9B94DEBA-BA6F-485E-8D7D-5C6AABB70699}.Debug|x64.Build.0 = Debug|Any CPU
		{9B94DEBA-BA6F-485E-8D7D-5C6AABB70699}.Debug|x86.ActiveCfg = Debug|Any CPU
		{9B94DEBA-BA6F-485E-8D7D-5C6AABB70699}.Debug|x86.Build.0 = Debug|Any CPU
		{9B94DEBA-BA6F-485E-8D7D-5C6AABB70699}.Release|Any CPU.ActiveCfg = Release|Any CPU
		{9B94DEBA-BA6F-485E-8D7D-5C6AABB70699}.Release|Any CPU.Build.0 = Release|Any CPU
		{9B94DEBA-BA6F-485E-8D7D-5C6AABB70699}.Release|x64.ActiveCfg = Release|Any CPU
		{9B94DEBA-BA6F-485E-8D7D-5C6AABB70699}.Release|x64.Build.0 = Release|Any CPU
		{9B94DEBA-BA6F-485E-8D7D-5C6AABB70699}.Release|x86.ActiveCfg = Release|Any CPU
		{9B94DEBA-BA6F-485E-8D7D-5C6AABB70699}.Release|x86.Build.0 = Release|Any CPU
		{04865C29-FE56-458F-A7B5-BE49DF764E7F}.Debug|Any CPU.ActiveCfg = Debug|Any CPU
		{04865C29-FE56-458F-A7B5-BE49DF764E7F}.Debug|Any CPU.Build.0 = Debug|Any CPU
		{04865C29-FE56-458F-A7B5-BE49DF764E7F}.Debug|x64.ActiveCfg = Debug|Any CPU
		{04865C29-FE56-458F-A7B5-BE49DF764E7F}.Debug|x64.Build.0 = Debug|Any CPU
		{04865C29-FE56-458F-A7B5-BE49DF764E7F}.Debug|x86.ActiveCfg = Debug|Any CPU
		{04865C29-FE56-458F-A7B5-BE49DF764E7F}.Debug|x86.Build.0 = Debug|Any CPU
		{04865C29-FE56-458F-A7B5-BE49DF764E7F}.Release|Any CPU.ActiveCfg = Release|Any CPU
		{04865C29-FE56-458F-A7B5-BE49DF764E7F}.Release|Any CPU.Build.0 = Release|Any CPU
		{04865C29-FE56-458F-A7B5-BE49DF764E7F}.Release|x64.ActiveCfg = Release|Any CPU
		{04865C29-FE56-458F-A7B5-BE49DF764E7F}.Release|x64.Build.0 = Release|Any CPU
		{04865C29-FE56-458F-A7B5-BE49DF764E7F}.Release|x86.ActiveCfg = Release|Any CPU
		{04865C29-FE56-458F-A7B5-BE49DF764E7F}.Release|x86.Build.0 = Release|Any CPU
		{216E0BE9-FF33-4B37-93FA-8374A5D8CCBE}.Debug|Any CPU.ActiveCfg = Debug|Any CPU
		{216E0BE9-FF33-4B37-93FA-8374A5D8CCBE}.Debug|Any CPU.Build.0 = Debug|Any CPU
		{216E0BE9-FF33-4B37-93FA-8374A5D8CCBE}.Debug|x64.ActiveCfg = Debug|Any CPU
		{216E0BE9-FF33-4B37-93FA-8374A5D8CCBE}.Debug|x64.Build.0 = Debug|Any CPU
		{216E0BE9-FF33-4B37-93FA-8374A5D8CCBE}.Debug|x86.ActiveCfg = Debug|Any CPU
		{216E0BE9-FF33-4B37-93FA-8374A5D8CCBE}.Debug|x86.Build.0 = Debug|Any CPU
		{216E0BE9-FF33-4B37-93FA-8374A5D8CCBE}.Release|Any CPU.ActiveCfg = Release|Any CPU
		{216E0BE9-FF33-4B37-93FA-8374A5D8CCBE}.Release|Any CPU.Build.0 = Release|Any CPU
		{216E0BE9-FF33-4B37-93FA-8374A5D8CCBE}.Release|x64.ActiveCfg = Release|Any CPU
		{216E0BE9-FF33-4B37-93FA-8374A5D8CCBE}.Release|x64.Build.0 = Release|Any CPU
		{216E0BE9-FF33-4B37-93FA-8374A5D8CCBE}.Release|x86.ActiveCfg = Release|Any CPU
		{216E0BE9-FF33-4B37-93FA-8374A5D8CCBE}.Release|x86.Build.0 = Release|Any CPU
		{8BC1AB6A-4BAB-42D1-ABEF-F704BE130BD2}.Debug|Any CPU.ActiveCfg = Debug|Any CPU
		{8BC1AB6A-4BAB-42D1-ABEF-F704BE130BD2}.Debug|Any CPU.Build.0 = Debug|Any CPU
		{8BC1AB6A-4BAB-42D1-ABEF-F704BE130BD2}.Debug|x64.ActiveCfg = Debug|Any CPU
		{8BC1AB6A-4BAB-42D1-ABEF-F704BE130BD2}.Debug|x64.Build.0 = Debug|Any CPU
		{8BC1AB6A-4BAB-42D1-ABEF-F704BE130BD2}.Debug|x86.ActiveCfg = Debug|Any CPU
		{8BC1AB6A-4BAB-42D1-ABEF-F704BE130BD2}.Debug|x86.Build.0 = Debug|Any CPU
		{8BC1AB6A-4BAB-42D1-ABEF-F704BE130BD2}.Release|Any CPU.ActiveCfg = Release|Any CPU
		{8BC1AB6A-4BAB-42D1-ABEF-F704BE130BD2}.Release|Any CPU.Build.0 = Release|Any CPU
		{8BC1AB6A-4BAB-42D1-ABEF-F704BE130BD2}.Release|x64.ActiveCfg = Release|Any CPU
		{8BC1AB6A-4BAB-42D1-ABEF-F704BE130BD2}.Release|x64.Build.0 = Release|Any CPU
		{8BC1AB6A-4BAB-42D1-ABEF-F704BE130BD2}.Release|x86.ActiveCfg = Release|Any CPU
		{8BC1AB6A-4BAB-42D1-ABEF-F704BE130BD2}.Release|x86.Build.0 = Release|Any CPU
		{1EF5D3EE-977E-4BD0-B2C2-9FDCC95268EF}.Debug|Any CPU.ActiveCfg = Debug|Any CPU
		{1EF5D3EE-977E-4BD0-B2C2-9FDCC95268EF}.Debug|Any CPU.Build.0 = Debug|Any CPU
		{1EF5D3EE-977E-4BD0-B2C2-9FDCC95268EF}.Debug|x64.ActiveCfg = Debug|Any CPU
		{1EF5D3EE-977E-4BD0-B2C2-9FDCC95268EF}.Debug|x64.Build.0 = Debug|Any CPU
		{1EF5D3EE-977E-4BD0-B2C2-9FDCC95268EF}.Debug|x86.ActiveCfg = Debug|Any CPU
		{1EF5D3EE-977E-4BD0-B2C2-9FDCC95268EF}.Debug|x86.Build.0 = Debug|Any CPU
		{1EF5D3EE-977E-4BD0-B2C2-9FDCC95268EF}.Release|Any CPU.ActiveCfg = Release|Any CPU
		{1EF5D3EE-977E-4BD0-B2C2-9FDCC95268EF}.Release|Any CPU.Build.0 = Release|Any CPU
		{1EF5D3EE-977E-4BD0-B2C2-9FDCC95268EF}.Release|x64.ActiveCfg = Release|Any CPU
		{1EF5D3EE-977E-4BD0-B2C2-9FDCC95268EF}.Release|x64.Build.0 = Release|Any CPU
		{1EF5D3EE-977E-4BD0-B2C2-9FDCC95268EF}.Release|x86.ActiveCfg = Release|Any CPU
		{1EF5D3EE-977E-4BD0-B2C2-9FDCC95268EF}.Release|x86.Build.0 = Release|Any CPU
		{069A1038-92E7-463B-9B7C-3BEA91397D8D}.Debug|Any CPU.ActiveCfg = Debug|Any CPU
		{069A1038-92E7-463B-9B7C-3BEA91397D8D}.Debug|Any CPU.Build.0 = Debug|Any CPU
		{069A1038-92E7-463B-9B7C-3BEA91397D8D}.Debug|x64.ActiveCfg = Debug|Any CPU
		{069A1038-92E7-463B-9B7C-3BEA91397D8D}.Debug|x64.Build.0 = Debug|Any CPU
		{069A1038-92E7-463B-9B7C-3BEA91397D8D}.Debug|x86.ActiveCfg = Debug|Any CPU
		{069A1038-92E7-463B-9B7C-3BEA91397D8D}.Debug|x86.Build.0 = Debug|Any CPU
		{069A1038-92E7-463B-9B7C-3BEA91397D8D}.Release|Any CPU.ActiveCfg = Release|Any CPU
		{069A1038-92E7-463B-9B7C-3BEA91397D8D}.Release|Any CPU.Build.0 = Release|Any CPU
		{069A1038-92E7-463B-9B7C-3BEA91397D8D}.Release|x64.ActiveCfg = Release|Any CPU
		{069A1038-92E7-463B-9B7C-3BEA91397D8D}.Release|x64.Build.0 = Release|Any CPU
		{069A1038-92E7-463B-9B7C-3BEA91397D8D}.Release|x86.ActiveCfg = Release|Any CPU
		{069A1038-92E7-463B-9B7C-3BEA91397D8D}.Release|x86.Build.0 = Release|Any CPU
		{6FAEB21E-CFB9-4BD0-9A9A-52BC0BCD0389}.Debug|Any CPU.ActiveCfg = Debug|Any CPU
		{6FAEB21E-CFB9-4BD0-9A9A-52BC0BCD0389}.Debug|Any CPU.Build.0 = Debug|Any CPU
		{6FAEB21E-CFB9-4BD0-9A9A-52BC0BCD0389}.Debug|x64.ActiveCfg = Debug|Any CPU
		{6FAEB21E-CFB9-4BD0-9A9A-52BC0BCD0389}.Debug|x64.Build.0 = Debug|Any CPU
		{6FAEB21E-CFB9-4BD0-9A9A-52BC0BCD0389}.Debug|x86.ActiveCfg = Debug|Any CPU
		{6FAEB21E-CFB9-4BD0-9A9A-52BC0BCD0389}.Debug|x86.Build.0 = Debug|Any CPU
		{6FAEB21E-CFB9-4BD0-9A9A-52BC0BCD0389}.Release|Any CPU.ActiveCfg = Release|Any CPU
		{6FAEB21E-CFB9-4BD0-9A9A-52BC0BCD0389}.Release|Any CPU.Build.0 = Release|Any CPU
		{6FAEB21E-CFB9-4BD0-9A9A-52BC0BCD0389}.Release|x64.ActiveCfg = Release|Any CPU
		{6FAEB21E-CFB9-4BD0-9A9A-52BC0BCD0389}.Release|x64.Build.0 = Release|Any CPU
		{6FAEB21E-CFB9-4BD0-9A9A-52BC0BCD0389}.Release|x86.ActiveCfg = Release|Any CPU
		{6FAEB21E-CFB9-4BD0-9A9A-52BC0BCD0389}.Release|x86.Build.0 = Release|Any CPU
		{24D0C05C-2DE4-4CA9-89A6-945AE0FFBC5C}.Debug|Any CPU.ActiveCfg = Debug|Any CPU
		{24D0C05C-2DE4-4CA9-89A6-945AE0FFBC5C}.Debug|Any CPU.Build.0 = Debug|Any CPU
		{24D0C05C-2DE4-4CA9-89A6-945AE0FFBC5C}.Debug|x64.ActiveCfg = Debug|Any CPU
		{24D0C05C-2DE4-4CA9-89A6-945AE0FFBC5C}.Debug|x64.Build.0 = Debug|Any CPU
		{24D0C05C-2DE4-4CA9-89A6-945AE0FFBC5C}.Debug|x86.ActiveCfg = Debug|Any CPU
		{24D0C05C-2DE4-4CA9-89A6-945AE0FFBC5C}.Debug|x86.Build.0 = Debug|Any CPU
		{24D0C05C-2DE4-4CA9-89A6-945AE0FFBC5C}.Release|Any CPU.ActiveCfg = Release|Any CPU
		{24D0C05C-2DE4-4CA9-89A6-945AE0FFBC5C}.Release|Any CPU.Build.0 = Release|Any CPU
		{24D0C05C-2DE4-4CA9-89A6-945AE0FFBC5C}.Release|x64.ActiveCfg = Release|Any CPU
		{24D0C05C-2DE4-4CA9-89A6-945AE0FFBC5C}.Release|x64.Build.0 = Release|Any CPU
		{24D0C05C-2DE4-4CA9-89A6-945AE0FFBC5C}.Release|x86.ActiveCfg = Release|Any CPU
		{24D0C05C-2DE4-4CA9-89A6-945AE0FFBC5C}.Release|x86.Build.0 = Release|Any CPU
		{B31FAA34-BF24-4FD4-B31D-78F4ACA998E0}.Debug|Any CPU.ActiveCfg = Debug|Any CPU
		{B31FAA34-BF24-4FD4-B31D-78F4ACA998E0}.Debug|Any CPU.Build.0 = Debug|Any CPU
		{B31FAA34-BF24-4FD4-B31D-78F4ACA998E0}.Debug|x64.ActiveCfg = Debug|Any CPU
		{B31FAA34-BF24-4FD4-B31D-78F4ACA998E0}.Debug|x64.Build.0 = Debug|Any CPU
		{B31FAA34-BF24-4FD4-B31D-78F4ACA998E0}.Debug|x86.ActiveCfg = Debug|Any CPU
		{B31FAA34-BF24-4FD4-B31D-78F4ACA998E0}.Debug|x86.Build.0 = Debug|Any CPU
		{B31FAA34-BF24-4FD4-B31D-78F4ACA998E0}.Release|Any CPU.ActiveCfg = Release|Any CPU
		{B31FAA34-BF24-4FD4-B31D-78F4ACA998E0}.Release|Any CPU.Build.0 = Release|Any CPU
		{B31FAA34-BF24-4FD4-B31D-78F4ACA998E0}.Release|x64.ActiveCfg = Release|Any CPU
		{B31FAA34-BF24-4FD4-B31D-78F4ACA998E0}.Release|x64.Build.0 = Release|Any CPU
		{B31FAA34-BF24-4FD4-B31D-78F4ACA998E0}.Release|x86.ActiveCfg = Release|Any CPU
		{B31FAA34-BF24-4FD4-B31D-78F4ACA998E0}.Release|x86.Build.0 = Release|Any CPU
	EndGlobalSection
	GlobalSection(SolutionProperties) = preSolution
		HideSolutionNode = FALSE
	EndGlobalSection
	GlobalSection(NestedProjects) = preSolution
		{C8AF6C30-F635-441E-9414-1943B00BA11A} = {07C2787E-EAC7-C090-1BA3-A61EC2A24D84}
		{CB3A0AFC-65A7-41FC-A7C8-85D8C29AE556} = {07C2787E-EAC7-C090-1BA3-A61EC2A24D84}
		{C523B811-2A18-4003-971A-F661BCB38B7C} = {07C2787E-EAC7-C090-1BA3-A61EC2A24D84}
		{B3E67CC2-E9C2-4BF0-9002-60D5F07B70CA} = {2E2423DC-6AAD-43E1-BB0D-E5979050D26C}
		{216E0BE9-FF33-4B37-93FA-8374A5D8CCBE} = {9B5E729A-9968-4759-9758-660266DC520B}
		{8BC1AB6A-4BAB-42D1-ABEF-F704BE130BD2} = {9B5E729A-9968-4759-9758-660266DC520B}
		{1EF5D3EE-977E-4BD0-B2C2-9FDCC95268EF} = {65D94FE7-9303-4769-B0EC-4586F5D12BBE}
		{069A1038-92E7-463B-9B7C-3BEA91397D8D} = {65D94FE7-9303-4769-B0EC-4586F5D12BBE}
		{6FAEB21E-CFB9-4BD0-9A9A-52BC0BCD0389} = {65D94FE7-9303-4769-B0EC-4586F5D12BBE}
		{24D0C05C-2DE4-4CA9-89A6-945AE0FFBC5C} = {32696785-5465-433E-AA0B-435696DF3022}
		{B31FAA34-BF24-4FD4-B31D-78F4ACA998E0} = {32696785-5465-433E-AA0B-435696DF3022}
		{9B94DEBA-BA6F-485E-8D7D-5C6AABB70699} = {E5AC8E9B-7C3E-4F9E-8A2D-1B9C5D3F6E2A}
		{04865C29-FE56-458F-A7B5-BE49DF764E7F} = {E5AC8E9B-7C3E-4F9E-8A2D-1B9C5D3F6E2A}
	EndGlobalSection
	GlobalSection(ExtensibilityGlobals) = postSolution
		SolutionGuid = {EA301BD3-B40C-492E-A52B-6B41AFC7C5D1}
	EndGlobalSection
EndGlobal
