
Microsoft Visual Studio Solution File, Format Version 12.00
# Visual Studio Version 17
VisualStudioVersion = 17.5.2.0
MinimumVisualStudioVersion = 10.0.40219.1
Project("{2150E333-8FDC-42A3-9474-1A3956D46DE8}") = "Tools", "Tools", "{07C2787E-EAC7-C090-1BA3-A61EC2A24D84}"
EndProject
Project("{2150E333-8FDC-42A3-9474-1A3956D46DE8}") = "Domain APIs", "Domain APIs", "{2E2423DC-6AAD-43E1-BB0D-E5979050D26C}"
EndProject
Project("{2150E333-8FDC-42A3-9474-1A3956D46DE8}") = "MCP Servers", "MCP Servers", "{9B5E729A-9968-4759-9758-660266DC520B}"
EndProject
Project("{2150E333-8FDC-42A3-9474-1A3956D46DE8}") = "Agents", "Agents", "{65D94FE7-9303-4769-B0EC-4586F5D12BBE}"
EndProject
Project("{2150E333-8FDC-42A3-9474-1A3956D46DE8}") = "Frontend", "Frontend", "{32696785-5465-433E-AA0B-435696DF3022}"
EndProject
Project("{2150E333-8FDC-42A3-9474-1A3956D46DE8}") = "Infrastructure", "Infrastructure", "{E5AC8E9B-7C3E-4F9E-8A2D-1B9C5D3F6E2A}"
EndProject
Project("{FAE04EC0-301F-11D3-BF4B-00C04F79EFBC}") = "config-sync", "src\config-sync\config-sync.csproj", "{C8AF6C30-F635-441E-9414-1943B00BA11A}"
EndProject
Project("{FAE04EC0-301F-11D3-BF4B-00C04F79EFBC}") = "seed-data", "src\seed-data\seed-data.csproj", "{CB3A0AFC-65A7-41FC-A7C8-85D8C29AE556}"
EndProject
Project("{FAE04EC0-301F-11D3-BF4B-00C04F79EFBC}") = "simple-agent", "src\simple-agent\simple-agent.csproj", "{C523B811-2A18-4003-971A-F661BCB38B7C}"
EndProject
Project("{FAE04EC0-301F-11D3-BF4B-00C04F79EFBC}") = "Contoso.CrmApi", "src\crm-api\Contoso.CrmApi.csproj", "{B3E67CC2-E9C2-4BF0-9002-60D5F07B70CA}"
EndProject
Project("{FAE04EC0-301F-11D3-BF4B-00C04F79EFBC}") = "Contoso.CrmMcp", "src\crm-mcp\Contoso.CrmMcp.csproj", "{216E0BE9-FF33-4B37-93FA-8374A5D8CCBE}"
EndProject
Project("{FAE04EC0-301F-11D3-BF4B-00C04F79EFBC}") = "Contoso.KnowledgeMcp", "src\knowledge-mcp\Contoso.KnowledgeMcp.csproj", "{8BC1AB6A-4BAB-42D1-ABEF-F704BE130BD2}"
EndProject
Project("{FAE04EC0-301F-11D3-BF4B-00C04F79EFBC}") = "Contoso.CrmAgent", "src\crm-agent\Contoso.CrmAgent.csproj", "{1EF5D3EE-977E-4BD0-B2C2-9FDCC95268EF}"
EndProject
Project("{FAE04EC0-301F-11D3-BF4B-00C04F79EFBC}") = "Contoso.ProductAgent", "src\product-agent\Contoso.ProductAgent.csproj", "{069A1038-92E7-463B-9B7C-3BEA91397D8D}"
EndProject
Project("{FAE04EC0-301F-11D3-BF4B-00C04F79EFBC}") = "Contoso.OrchestratorAgent", "src\orchestrator-agent\Contoso.OrchestratorAgent.csproj", "{6FAEB21E-CFB9-4BD0-9A9A-52BC0BCD0389}"
EndProject
Project("{FAE04EC0-301F-11D3-BF4B-00C04F79EFBC}") = "Contoso.BffApi", "src\bff-api\Contoso.BffApi.csproj", "{24D0C05C-2DE4-4CA9-89A6-945AE0FFBC5C}"
EndProject
Project("{FAE04EC0-301F-11D3-BF4B-00C04F79EFBC}") = "Contoso.BlazorUi", "src\blazor-ui\Contoso.BlazorUi.csproj", "{B31FAA34-BF24-4FD4-B31D-78F4ACA998E0}"
EndProject
Project("{FAE04EC0-301F-11D3-BF4B-00C04F79EFBC}") = "Contoso.AppHost", "src\AppHost\Contoso.AppHost.csproj", "{9B94DEBA-BA6F-485E-8D7D-5C6AABB70699}"
EndProject
Project("{FAE04EC0-301F-11D3-BF4B-00C04F79EFBC}") = "Contoso.ServiceDefaults", "src\ServiceDefaults\Contoso.ServiceDefaults.csproj", "{04865C29-FE56-458F-A7B5-BE49DF764E7F}"
EndProject
Project("{2150E333-8FDC-42A3-9474-1A3956D46DE8}") = "src-tests", "src-tests", "{441F3C1B-8037-1FE0-AD9B-D09EEF741808}"
EndProject
Project("{FAE04EC0-301F-11D3-BF4B-00C04F79EFBC}") = "Contoso.KnowledgeMcp.Tests", "src-tests\Contoso.KnowledgeMcp.Tests\Contoso.KnowledgeMcp.Tests.csproj", "{D6E6336A-6425-4958-8925-D96AA22E328C}"
EndProject
Project("{FAE04EC0-301F-11D3-BF4B-00C04F79EFBC}") = "Contoso.CrmMcp.Tests", "src-tests\Contoso.CrmMcp.Tests\Contoso.CrmMcp.Tests.csproj", "{F7D3F052-B495-4C1E-812D-B65DE56E3E56}"
EndProject
Project("{FAE04EC0-301F-11D3-BF4B-00C04F79EFBC}") = "Contoso.OrchestratorAgent.Tests", "src-tests\Contoso.OrchestratorAgent.Tests\Contoso.OrchestratorAgent.Tests.csproj", "{0F6138F7-F1C1-4D9B-967B-508F754F6C6B}"
EndProject
Project("{FAE04EC0-301F-11D3-BF4B-00C04F79EFBC}") = "Contoso.AgentCommon.Tests", "src-tests\Contoso.AgentCommon.Tests\Contoso.AgentCommon.Tests.csproj", "{2138FD1A-CA6F-4053-9A98-5F3F67958BD6}"
EndProject
Project("{FAE04EC0-301F-11D3-BF4B-00C04F79EFBC}") = "Contoso.BlazorUi.Tests", "src-tests\Contoso.BlazorUi.Tests\Contoso.BlazorUi.Tests.csproj", "{FBA4A3D7-BDF3-42E2-8E89-C6F40A106163}"
EndProject
Project("{FAE04EC0-301F-11D3-BF4B-00C04F79EFBC}") = "Contoso.SimpleAgent.Tests", "src-tests\Contoso.SimpleAgent.Tests\Contoso.SimpleAgent.Tests.csproj", "{6C70F2D6-9718-4360-BC3E-EC8CEE403C3A}"
EndProject
Project("{FAE04EC0-301F-11D3-BF4B-00C04F79EFBC}") = "Contoso.AppHost.Tests", "src-tests\Contoso.AppHost.Tests\Contoso.AppHost.Tests.csproj", "{33D83BBB-060C-468A-9130-BCCBBB4D918A}"
EndProject
Project("{FAE04EC0-301F-11D3-BF4B-00C04F79EFBC}") = "Contoso.CrmApi.Tests", "src-tests\Contoso.CrmApi.Tests\Contoso.CrmApi.Tests.csproj", "{0295EFFB-3798-43E7-9075-9F156258880D}"
EndProject
Project("{FAE04EC0-301F-11D3-BF4B-00C04F79EFBC}") = "Contoso.BffApi.Tests", "src-tests\Contoso.BffApi.Tests\Contoso.BffApi.Tests.csproj", "{42347FB6-2D86-4D10-90C5-6C09E2471EDF}"
EndProject
Global
	GlobalSection(SolutionConfigurationPlatforms) = preSolution
		Debug|Any CPU = Debug|Any CPU
		Debug|x64 = Debug|x64
		Debug|x86 = Debug|x86
		Release|Any CPU = Release|Any CPU
		Release|x64 = Release|x64
		Release|x86 = Release|x86
	EndGlobalSection
	GlobalSection(ProjectConfigurationPlatforms) = postSolution
		{C8AF6C30-F635-441E-9414-1943B00BA11A}.Debug|Any CPU.ActiveCfg = Debug|Any CPU
		{C8AF6C30-F635-441E-9414-1943B00BA11A}.Debug|Any CPU.Build.0 = Debug|Any CPU
		{C8AF6C30-F635-441E-9414-1943B00BA11A}.Debug|x64.ActiveCfg = Debug|Any CPU
		{C8AF6C30-F635-441E-9414-1943B00BA11A}.Debug|x64.Build.0 = Debug|Any CPU
		{C8AF6C30-F635-441E-9414-1943B00BA11A}.Debug|x86.ActiveCfg = Debug|Any CPU
		{C8AF6C30-F635-441E-9414-1943B00BA11A}.Debug|x86.Build.0 = Debug|Any CPU
		{C8AF6C30-F635-441E-9414-1943B00BA11A}.Release|Any CPU.ActiveCfg = Release|Any CPU
		{C8AF6C30-F635-441E-9414-1943B00BA11A}.Release|Any CPU.Build.0 = Release|Any CPU
		{C8AF6C30-F635-441E-9414-1943B00BA11A}.Release|x64.ActiveCfg = Release|Any CPU
		{C8AF6C30-F635-441E-9414-1943B00BA11A}.Release|x64.Build.0 = Release|Any CPU
		{C8AF6C30-F635-441E-9414-1943B00BA11A}.Release|x86.ActiveCfg = Release|Any CPU
		{C8AF6C30-F635-441E-9414-1943B00BA11A}.Release|x86.Build.0 = Release|Any CPU
		{CB3A0AFC-65A7-41FC-A7C8-85D8C29AE556}.Debug|Any CPU.ActiveCfg = Debug|Any CPU
		{CB3A0AFC-65A7-41FC-A7C8-85D8C29AE556}.Debug|Any CPU.Build.0 = Debug|Any CPU
		{CB3A0AFC-65A7-41FC-A7C8-85D8C29AE556}.Debug|x64.ActiveCfg = Debug|Any CPU
		{CB3A0AFC-65A7-41FC-A7C8-85D8C29AE556}.Debug|x64.Build.0 = Debug|Any CPU
		{CB3A0AFC-65A7-41FC-A7C8-85D8C29AE556}.Debug|x86.ActiveCfg = Debug|Any CPU
		{CB3A0AFC-65A7-41FC-A7C8-85D8C29AE556}.Debug|x86.Build.0 = Debug|Any CPU
		{CB3A0AFC-65A7-41FC-A7C8-85D8C29AE556}.Release|Any CPU.ActiveCfg = Release|Any CPU
		{CB3A0AFC-65A7-41FC-A7C8-85D8C29AE556}.Release|Any CPU.Build.0 = Release|Any CPU
		{CB3A0AFC-65A7-41FC-A7C8-85D8C29AE556}.Release|x64.ActiveCfg = Release|Any CPU
		{CB3A0AFC-65A7-41FC-A7C8-85D8C29AE556}.Release|x64.Build.0 = Release|Any CPU
		{CB3A0AFC-65A7-41FC-A7C8-85D8C29AE556}.Release|x86.ActiveCfg = Release|Any CPU
		{CB3A0AFC-65A7-41FC-A7C8-85D8C29AE556}.Release|x86.Build.0 = Release|Any CPU
		{C523B811-2A18-4003-971A-F661BCB38B7C}.Debug|Any CPU.ActiveCfg = Debug|Any CPU
		{C523B811-2A18-4003-971A-F661BCB38B7C}.Debug|Any CPU.Build.0 = Debug|Any CPU
		{C523B811-2A18-4003-971A-F661BCB38B7C}.Debug|x64.ActiveCfg = Debug|Any CPU
		{C523B811-2A18-4003-971A-F661BCB38B7C}.Debug|x64.Build.0 = Debug|Any CPU
		{C523B811-2A18-4003-971A-F661BCB38B7C}.Debug|x86.ActiveCfg = Debug|Any CPU
		{C523B811-2A18-4003-971A-F661BCB38B7C}.Debug|x86.Build.0 = Debug|Any CPU
		{C523B811-2A18-4003-971A-F661BCB38B7C}.Release|Any CPU.ActiveCfg = Release|Any CPU
		{C523B811-2A18-4003-971A-F661BCB38B7C}.Release|Any CPU.Build.0 = Release|Any CPU
		{C523B811-2A18-4003-971A-F661BCB38B7C}.Release|x64.ActiveCfg = Release|Any CPU
		{C523B811-2A18-4003-971A-F661BCB38B7C}.Release|x64.Build.0 = Release|Any CPU
		{C523B811-2A18-4003-971A-F661BCB38B7C}.Release|x86.ActiveCfg = Release|Any CPU
		{C523B811-2A18-4003-971A-F661BCB38B7C}.Release|x86.Build.0 = Release|Any CPU
		{B3E67CC2-E9C2-4BF0-9002-60D5F07B70CA}.Debug|Any CPU.ActiveCfg = Debug|Any CPU
		{B3E67CC2-E9C2-4BF0-9002-60D5F07B70CA}.Debug|Any CPU.Build.0 = Debug|Any CPU
		{B3E67CC2-E9C2-4BF0-9002-60D5F07B70CA}.Debug|x64.ActiveCfg = Debug|Any CPU
		{B3E67CC2-E9C2-4BF0-9002-60D5F07B70CA}.Debug|x64.Build.0 = Debug|Any CPU
		{B3E67CC2-E9C2-4BF0-9002-60D5F07B70CA}.Debug|x86.ActiveCfg = Debug|Any CPU
		{B3E67CC2-E9C2-4BF0-9002-60D5F07B70CA}.Debug|x86.Build.0 = Debug|Any CPU
		{B3E67CC2-E9C2-4BF0-9002-60D5F07B70CA}.Release|Any CPU.ActiveCfg = Release|Any CPU
		{B3E67CC2-E9C2-4BF0-9002-60D5F07B70CA}.Release|Any CPU.Build.0 = Release|Any CPU
		{B3E67CC2-E9C2-4BF0-9002-60D5F07B70CA}.Release|x64.ActiveCfg = Release|Any CPU
		{B3E67CC2-E9C2-4BF0-9002-60D5F07B70CA}.Release|x64.Build.0 = Release|Any CPU
		{B3E67CC2-E9C2-4BF0-9002-60D5F07B70CA}.Release|x86.ActiveCfg = Release|Any CPU
		{B3E67CC2-E9C2-4BF0-9002-60D5F07B70CA}.Release|x86.Build.0 = Release|Any CPU
		{216E0BE9-FF33-4B37-93FA-8374A5D8CCBE}.Debug|Any CPU.ActiveCfg = Debug|Any CPU
		{216E0BE9-FF33-4B37-93FA-8374A5D8CCBE}.Debug|Any CPU.Build.0 = Debug|Any CPU
		{216E0BE9-FF33-4B37-93FA-8374A5D8CCBE}.Debug|x64.ActiveCfg = Debug|Any CPU
		{216E0BE9-FF33-4B37-93FA-8374A5D8CCBE}.Debug|x64.Build.0 = Debug|Any CPU
		{216E0BE9-FF33-4B37-93FA-8374A5D8CCBE}.Debug|x86.ActiveCfg = Debug|Any CPU
		{216E0BE9-FF33-4B37-93FA-8374A5D8CCBE}.Debug|x86.Build.0 = Debug|Any CPU
		{216E0BE9-FF33-4B37-93FA-8374A5D8CCBE}.Release|Any CPU.ActiveCfg = Release|Any CPU
		{216E0BE9-FF33-4B37-93FA-8374A5D8CCBE}.Release|Any CPU.Build.0 = Release|Any CPU
		{216E0BE9-FF33-4B37-93FA-8374A5D8CCBE}.Release|x64.ActiveCfg = Release|Any CPU
		{216E0BE9-FF33-4B37-93FA-8374A5D8CCBE}.Release|x64.Build.0 = Release|Any CPU
		{216E0BE9-FF33-4B37-93FA-8374A5D8CCBE}.Release|x86.ActiveCfg = Release|Any CPU
		{216E0BE9-FF33-4B37-93FA-8374A5D8CCBE}.Release|x86.Build.0 = Release|Any CPU
		{8BC1AB6A-4BAB-42D1-ABEF-F704BE130BD2}.Debug|Any CPU.ActiveCfg = Debug|Any CPU
		{8BC1AB6A-4BAB-42D1-ABEF-F704BE130BD2}.Debug|Any CPU.Build.0 = Debug|Any CPU
		{8BC1AB6A-4BAB-42D1-ABEF-F704BE130BD2}.Debug|x64.ActiveCfg = Debug|Any CPU
		{8BC1AB6A-4BAB-42D1-ABEF-F704BE130BD2}.Debug|x64.Build.0 = Debug|Any CPU
		{8BC1AB6A-4BAB-42D1-ABEF-F704BE130BD2}.Debug|x86.ActiveCfg = Debug|Any CPU
		{8BC1AB6A-4BAB-42D1-ABEF-F704BE130BD2}.Debug|x86.Build.0 = Debug|Any CPU
		{8BC1AB6A-4BAB-42D1-ABEF-F704BE130BD2}.Release|Any CPU.ActiveCfg = Release|Any CPU
		{8BC1AB6A-4BAB-42D1-ABEF-F704BE130BD2}.Release|Any CPU.Build.0 = Release|Any CPU
		{8BC1AB6A-4BAB-42D1-ABEF-F704BE130BD2}.Release|x64.ActiveCfg = Release|Any CPU
		{8BC1AB6A-4BAB-42D1-ABEF-F704BE130BD2}.Release|x64.Build.0 = Release|Any CPU
		{8BC1AB6A-4BAB-42D1-ABEF-F704BE130BD2}.Release|x86.ActiveCfg = Release|Any CPU
		{8BC1AB6A-4BAB-42D1-ABEF-F704BE130BD2}.Release|x86.Build.0 = Release|Any CPU
		{1EF5D3EE-977E-4BD0-B2C2-9FDCC95268EF}.Debug|Any CPU.ActiveCfg = Debug|Any CPU
		{1EF5D3EE-977E-4BD0-B2C2-9FDCC95268EF}.Debug|Any CPU.Build.0 = Debug|Any CPU
		{1EF5D3EE-977E-4BD0-B2C2-9FDCC95268EF}.Debug|x64.ActiveCfg = Debug|Any CPU
		{1EF5D3EE-977E-4BD0-B2C2-9FDCC95268EF}.Debug|x64.Build.0 = Debug|Any CPU
		{1EF5D3EE-977E-4BD0-B2C2-9FDCC95268EF}.Debug|x86.ActiveCfg = Debug|Any CPU
		{1EF5D3EE-977E-4BD0-B2C2-9FDCC95268EF}.Debug|x86.Build.0 = Debug|Any CPU
		{1EF5D3EE-977E-4BD0-B2C2-9FDCC95268EF}.Release|Any CPU.ActiveCfg = Release|Any CPU
		{1EF5D3EE-977E-4BD0-B2C2-9FDCC95268EF}.Release|Any CPU.Build.0 = Release|Any CPU
		{1EF5D3EE-977E-4BD0-B2C2-9FDCC95268EF}.Release|x64.ActiveCfg = Release|Any CPU
		{1EF5D3EE-977E-4BD0-B2C2-9FDCC95268EF}.Release|x64.Build.0 = Release|Any CPU
		{1EF5D3EE-977E-4BD0-B2C2-9FDCC95268EF}.Release|x86.ActiveCfg = Release|Any CPU
		{1EF5D3EE-977E-4BD0-B2C2-9FDCC95268EF}.Release|x86.Build.0 = Release|Any CPU
		{069A1038-92E7-463B-9B7C-3BEA91397D8D}.Debug|Any CPU.ActiveCfg = Debug|Any CPU
		{069A1038-92E7-463B-9B7C-3BEA91397D8D}.Debug|Any CPU.Build.0 = Debug|Any CPU
		{069A1038-92E7-463B-9B7C-3BEA91397D8D}.Debug|x64.ActiveCfg = Debug|Any CPU
		{069A1038-92E7-463B-9B7C-3BEA91397D8D}.Debug|x64.Build.0 = Debug|Any CPU
		{069A1038-92E7-463B-9B7C-3BEA91397D8D}.Debug|x86.ActiveCfg = Debug|Any CPU
		{069A1038-92E7-463B-9B7C-3BEA91397D8D}.Debug|x86.Build.0 = Debug|Any CPU
		{069A1038-92E7-463B-9B7C-3BEA91397D8D}.Release|Any CPU.ActiveCfg = Release|Any CPU
		{069A1038-92E7-463B-9B7C-3BEA91397D8D}.Release|Any CPU.Build.0 = Release|Any CPU
		{069A1038-92E7-463B-9B7C-3BEA91397D8D}.Release|x64.ActiveCfg = Release|Any CPU
		{069A1038-92E7-463B-9B7C-3BEA91397D8D}.Release|x64.Build.0 = Release|Any CPU
		{069A1038-92E7-463B-9B7C-3BEA91397D8D}.Release|x86.ActiveCfg = Release|Any CPU
		{069A1038-92E7-463B-9B7C-3BEA91397D8D}.Release|x86.Build.0 = Release|Any CPU
		{6FAEB21E-CFB9-4BD0-9A9A-52BC0BCD0389}.Debug|Any CPU.ActiveCfg = Debug|Any CPU
		{6FAEB21E-CFB9-4BD0-9A9A-52BC0BCD0389}.Debug|Any CPU.Build.0 = Debug|Any CPU
		{6FAEB21E-CFB9-4BD0-9A9A-52BC0BCD0389}.Debug|x64.ActiveCfg = Debug|Any CPU
		{6FAEB21E-CFB9-4BD0-9A9A-52BC0BCD0389}.Debug|x64.Build.0 = Debug|Any CPU
		{6FAEB21E-CFB9-4BD0-9A9A-52BC0BCD0389}.Debug|x86.ActiveCfg = Debug|Any CPU
		{6FAEB21E-CFB9-4BD0-9A9A-52BC0BCD0389}.Debug|x86.Build.0 = Debug|Any CPU
		{6FAEB21E-CFB9-4BD0-9A9A-52BC0BCD0389}.Release|Any CPU.ActiveCfg = Release|Any CPU
		{6FAEB21E-CFB9-4BD0-9A9A-52BC0BCD0389}.Release|Any CPU.Build.0 = Release|Any CPU
		{6FAEB21E-CFB9-4BD0-9A9A-52BC0BCD0389}.Release|x64.ActiveCfg = Release|Any CPU
		{6FAEB21E-CFB9-4BD0-9A9A-52BC0BCD0389}.Release|x64.Build.0 = Release|Any CPU
		{6FAEB21E-CFB9-4BD0-9A9A-52BC0BCD0389}.Release|x86.ActiveCfg = Release|Any CPU
		{6FAEB21E-CFB9-4BD0-9A9A-52BC0BCD0389}.Release|x86.Build.0 = Release|Any CPU
		{24D0C05C-2DE4-4CA9-89A6-945AE0FFBC5C}.Debug|Any CPU.ActiveCfg = Debug|Any CPU
		{24D0C05C-2DE4-4CA9-89A6-945AE0FFBC5C}.Debug|Any CPU.Build.0 = Debug|Any CPU
		{24D0C05C-2DE4-4CA9-89A6-945AE0FFBC5C}.Debug|x64.ActiveCfg = Debug|Any CPU
		{24D0C05C-2DE4-4CA9-89A6-945AE0FFBC5C}.Debug|x64.Build.0 = Debug|Any CPU
		{24D0C05C-2DE4-4CA9-89A6-945AE0FFBC5C}.Debug|x86.ActiveCfg = Debug|Any CPU
		{24D0C05C-2DE4-4CA9-89A6-945AE0FFBC5C}.Debug|x86.Build.0 = Debug|Any CPU
		{24D0C05C-2DE4-4CA9-89A6-945AE0FFBC5C}.Release|Any CPU.ActiveCfg = Release|Any CPU
		{24D0C05C-2DE4-4CA9-89A6-945AE0FFBC5C}.Release|Any CPU.Build.0 = Release|Any CPU
		{24D0C05C-2DE4-4CA9-89A6-945AE0FFBC5C}.Release|x64.ActiveCfg = Release|Any CPU
		{24D0C05C-2DE4-4CA9-89A6-945AE0FFBC5C}.Release|x64.Build.0 = Release|Any CPU
		{24D0C05C-2DE4-4CA9-89A6-945AE0FFBC5C}.Release|x86.ActiveCfg = Release|Any CPU
		{24D0C05C-2DE4-4CA9-89A6-945AE0FFBC5C}.Release|x86.Build.0 = Release|Any CPU
		{B31FAA34-BF24-4FD4-B31D-78F4ACA998E0}.Debug|Any CPU.ActiveCfg = Debug|Any CPU
		{B31FAA34-BF24-4FD4-B31D-78F4ACA998E0}.Debug|Any CPU.Build.0 = Debug|Any CPU
		{B31FAA34-BF24-4FD4-B31D-78F4ACA998E0}.Debug|x64.ActiveCfg = Debug|Any CPU
		{B31FAA34-BF24-4FD4-B31D-78F4ACA998E0}.Debug|x64.Build.0 = Debug|Any CPU
		{B31FAA34-BF24-4FD4-B31D-78F4ACA998E0}.Debug|x86.ActiveCfg = Debug|Any CPU
		{B31FAA34-BF24-4FD4-B31D-78F4ACA998E0}.Debug|x86.Build.0 = Debug|Any CPU
		{B31FAA34-BF24-4FD4-B31D-78F4ACA998E0}.Release|Any CPU.ActiveCfg = Release|Any CPU
		{B31FAA34-BF24-4FD4-B31D-78F4ACA998E0}.Release|Any CPU.Build.0 = Release|Any CPU
		{B31FAA34-BF24-4FD4-B31D-78F4ACA998E0}.Release|x64.ActiveCfg = Release|Any CPU
		{B31FAA34-BF24-4FD4-B31D-78F4ACA998E0}.Release|x64.Build.0 = Release|Any CPU
		{B31FAA34-BF24-4FD4-B31D-78F4ACA998E0}.Release|x86.ActiveCfg = Release|Any CPU
		{B31FAA34-BF24-4FD4-B31D-78F4ACA998E0}.Release|x86.Build.0 = Release|Any CPU
		{9B94DEBA-BA6F-485E-8D7D-5C6AABB70699}.Debug|Any CPU.ActiveCfg = Debug|Any CPU
		{9B94DEBA-BA6F-485E-8D7D-5C6AABB70699}.Debug|Any CPU.Build.0 = Debug|Any CPU
		{9B94DEBA-BA6F-485E-8D7D-5C6AABB70699}.Debug|x64.ActiveCfg = Debug|Any CPU
		{9B94DEBA-BA6F-485E-8D7D-5C6AABB70699}.Debug|x64.Build.0 = Debug|Any CPU
		{9B94DEBA-BA6F-485E-8D7D-5C6AABB70699}.Debug|x86.ActiveCfg = Debug|Any CPU
		{9B94DEBA-BA6F-485E-8D7D-5C6AABB70699}.Debug|x86.Build.0 = Debug|Any CPU
		{9B94DEBA-BA6F-485E-8D7D-5C6AABB70699}.Release|Any CPU.ActiveCfg = Release|Any CPU
		{9B94DEBA-BA6F-485E-8D7D-5C6AABB70699}.Release|Any CPU.Build.0 = Release|Any CPU
		{9B94DEBA-BA6F-485E-8D7D-5C6AABB70699}.Release|x64.ActiveCfg = Release|Any CPU
		{9B94DEBA-BA6F-485E-8D7D-5C6AABB70699}.Release|x64.Build.0 = Release|Any CPU
		{9B94DEBA-BA6F-485E-8D7D-5C6AABB70699}.Release|x86.ActiveCfg = Release|Any CPU
		{9B94DEBA-BA6F-485E-8D7D-5C6AABB70699}.Release|x86.Build.0 = Release|Any CPU
		{04865C29-FE56-458F-A7B5-BE49DF764E7F}.Debug|Any CPU.ActiveCfg = Debug|Any CPU
		{04865C29-FE56-458F-A7B5-BE49DF764E7F}.Debug|Any CPU.Build.0 = Debug|Any CPU
		{04865C29-FE56-458F-A7B5-BE49DF764E7F}.Debug|x64.ActiveCfg = Debug|Any CPU
		{04865C29-FE56-458F-A7B5-BE49DF764E7F}.Debug|x64.Build.0 = Debug|Any CPU
		{04865C29-FE56-458F-A7B5-BE49DF764E7F}.Debug|x86.ActiveCfg = Debug|Any CPU
		{04865C29-FE56-458F-A7B5-BE49DF764E7F}.Debug|x86.Build.0 = Debug|Any CPU
		{04865C29-FE56-458F-A7B5-BE49DF764E7F}.Release|Any CPU.ActiveCfg = Release|Any CPU
		{04865C29-FE56-458F-A7B5-BE49DF764E7F}.Release|Any CPU.Build.0 = Release|Any CPU
		{04865C29-FE56-458F-A7B5-BE49DF764E7F}.Release|x64.ActiveCfg = Release|Any CPU
		{04865C29-FE56-458F-A7B5-BE49DF764E7F}.Release|x64.Build.0 = Release|Any CPU
		{04865C29-FE56-458F-A7B5-BE49DF764E7F}.Release|x86.ActiveCfg = Release|Any CPU
		{04865C29-FE56-458F-A7B5-BE49DF764E7F}.Release|x86.Build.0 = Release|Any CPU
		{D6E6336A-6425-4958-8925-D96AA22E328C}.Debug|Any CPU.ActiveCfg = Debug|Any CPU
		{D6E6336A-6425-4958-8925-D96AA22E328C}.Debug|Any CPU.Build.0 = Debug|Any CPU
		{D6E6336A-6425-4958-8925-D96AA22E328C}.Debug|x64.ActiveCfg = Debug|Any CPU
		{D6E6336A-6425-4958-8925-D96AA22E328C}.Debug|x64.Build.0 = Debug|Any CPU
		{D6E6336A-6425-4958-8925-D96AA22E328C}.Debug|x86.ActiveCfg = Debug|Any CPU
		{D6E6336A-6425-4958-8925-D96AA22E328C}.Debug|x86.Build.0 = Debug|Any CPU
		{D6E6336A-6425-4958-8925-D96AA22E328C}.Release|Any CPU.ActiveCfg = Release|Any CPU
		{D6E6336A-6425-4958-8925-D96AA22E328C}.Release|Any CPU.Build.0 = Release|Any CPU
		{D6E6336A-6425-4958-8925-D96AA22E328C}.Release|x64.ActiveCfg = Release|Any CPU
		{D6E6336A-6425-4958-8925-D96AA22E328C}.Release|x64.Build.0 = Release|Any CPU
		{D6E6336A-6425-4958-8925-D96AA22E328C}.Release|x86.ActiveCfg = Release|Any CPU
		{D6E6336A-6425-4958-8925-D96AA22E328C}.Release|x86.Build.0 = Release|Any CPU
		{F7D3F052-B495-4C1E-812D-B65DE56E3E56}.Debug|Any CPU.ActiveCfg = Debug|Any CPU
		{F7D3F052-B495-4C1E-812D-B65DE56E3E56}.Debug|Any CPU.Build.0 = Debug|Any CPU
		{F7D3F052-B495-4C1E-812D-B65DE56E3E56}.Debug|x64.ActiveCfg = Debug|Any CPU
		{F7D3F052-B495-4C1E-812D-B65DE56E3E56}.Debug|x64.Build.0 = Debug|Any CPU
		{F7D3F052-B495-4C1E-812D-B65DE56E3E56}.Debug|x86.ActiveCfg = Debug|Any CPU
		{F7D3F052-B495-4C1E-812D-B65DE56E3E56}.Debug|x86.Build.0 = Debug|Any CPU
		{F7D3F052-B495-4C1E-812D-B65DE56E3E56}.Release|Any CPU.ActiveCfg = Release|Any CPU
		{F7D3F052-B495-4C1E-812D-B65DE56E3E56}.Release|Any CPU.Build.0 = Release|Any CPU
		{F7D3F052-B495-4C1E-812D-B65DE56E3E56}.Release|x64.ActiveCfg = Release|Any CPU
		{F7D3F052-B495-4C1E-812D-B65DE56E3E56}.Release|x64.Build.0 = Release|Any CPU
		{F7D3F052-B495-4C1E-812D-B65DE56E3E56}.Release|x86.ActiveCfg = Release|Any CPU
		{F7D3F052-B495-4C1E-812D-B65DE56E3E56}.Release|x86.Build.0 = Release|Any CPU
		{0F6138F7-F1C1-4D9B-967B-508F754F6C6B}.Debug|Any CPU.ActiveCfg = Debug|Any CPU
		{0F6138F7-F1C1-4D9B-967B-508F754F6C6B}.Debug|Any CPU.Build.0 = Debug|Any CPU
		{0F6138F7-F1C1-4D9B-967B-508F754F6C6B}.Debug|x64.ActiveCfg = Debug|Any CPU
		{0F6138F7-F1C1-4D9B-967B-508F754F6C6B}.Debug|x64.Build.0 = Debug|Any CPU
		{0F6138F7-F1C1-4D9B-967B-508F754F6C6B}.Debug|x86.ActiveCfg = Debug|Any CPU
		{0F6138F7-F1C1-4D9B-967B-508F754F6C6B}.Debug|x86.Build.0 = Debug|Any CPU
		{0F6138F7-F1C1-4D9B-967B-508F754F6C6B}.Release|Any CPU.ActiveCfg = Release|Any CPU
		{0F6138F7-F1C1-4D9B-967B-508F754F6C6B}.Release|Any CPU.Build.0 = Release|Any CPU
		{0F6138F7-F1C1-4D9B-967B-508F754F6C6B}.Release|x64.ActiveCfg = Release|Any CPU
		{0F6138F7-F1C1-4D9B-967B-508F754F6C6B}.Release|x64.Build.0 = Release|Any CPU
		{0F6138F7-F1C1-4D9B-967B-508F754F6C6B}.Release|x86.ActiveCfg = Release|Any CPU
		{0F6138F7-F1C1-4D9B-967B-508F754F6C6B}.Release|x86.Build.0 = Release|Any CPU
		{2138FD1A-CA6F-4053-9A98-5F3F67958BD6}.Debug|Any CPU.ActiveCfg = Debug|Any CPU
		{2138FD1A-CA6F-4053-9A98-5F3F67958BD6}.Debug|Any CPU.Build.0 = Debug|Any CPU
		{2138FD1A-CA6F-4053-9A98-5F3F67958BD6}.Debug|x64.ActiveCfg = Debug|Any CPU
		{2138FD1A-CA6F-4053-9A98-5F3F67958BD6}.Debug|x64.Build.0 = Debug|Any CPU
		{2138FD1A-CA6F-4053-9A98-5F3F67958BD6}.Debug|x86.ActiveCfg = Debug|Any CPU
		{2138FD1A-CA6F-4053-9A98-5F3F67958BD6}.Debug|x86.Build.0 = Debug|Any CPU
		{2138FD1A-CA6F-4053-9A98-5F3F67958BD6}.Release|Any CPU.ActiveCfg = Release|Any CPU
		{2138FD1A-CA6F-4053-9A98-5F3F67958BD6}.Release|Any CPU.Build.0 = Release|Any CPU
		{2138FD1A-CA6F-4053-9A98-5F3F67958BD6}.Release|x64.ActiveCfg = Release|Any CPU
		{2138FD1A-CA6F-4053-9A98-5F3F67958BD6}.Release|x64.Build.0 = Release|Any CPU
		{2138FD1A-CA6F-4053-9A98-5F3F67958BD6}.Release|x86.ActiveCfg = Release|Any CPU
		{2138FD1A-CA6F-4053-9A98-5F3F67958BD6}.Release|x86.Build.0 = Release|Any CPU
		{FBA4A3D7-BDF3-42E2-8E89-C6F40A106163}.Debug|Any CPU.ActiveCfg = Debug|Any CPU
		{FBA4A3D7-BDF3-42E2-8E89-C6F40A106163}.Debug|Any CPU.Build.0 = Debug|Any CPU
		{FBA4A3D7-BDF3-42E2-8E89-C6F40A106163}.Debug|x64.ActiveCfg = Debug|Any CPU
		{FBA4A3D7-BDF3-42E2-8E89-C6F40A106163}.Debug|x64.Build.0 = Debug|Any CPU
		{FBA4A3D7-BDF3-42E2-8E89-C6F40A106163}.Debug|x86.ActiveCfg = Debug|Any CPU
		{FBA4A3D7-BDF3-42E2-8E89-C6F40A106163}.Debug|x86.Build.0 = Debug|Any CPU
		{FBA4A3D7-BDF3-42E2-8E89-C6F40A106163}.Release|Any CPU.ActiveCfg = Release|Any CPU
		{FBA4A3D7-BDF3-42E2-8E89-C6F40A106163}.Release|Any CPU.Build.0 = Release|Any CPU
		{FBA4A3D7-BDF3-42E2-8E89-C6F40A106163}.Release|x64.ActiveCfg = Release|Any CPU
		{FBA4A3D7-BDF3-42E2-8E89-C6F40A106163}.Release|x64.Build.0 = Release|Any CPU
		{FBA4A3D7-BDF3-42E2-8E89-C6F40A106163}.Release|x86.ActiveCfg = Release|Any CPU
		{FBA4A3D7-BDF3-42E2-8E89-C6F40A106163}.Release|x86.Build.0 = Release|Any CPU
		{6C70F2D6-9718-4360-BC3E-EC8CEE403C3A}.Debug|Any CPU.ActiveCfg = Debug|Any CPU
		{6C70F2D6-9718-4360-BC3E-EC8CEE403C3A}.Debug|Any CPU.Build.0 = Debug|Any CPU
		{6C70F2D6-9718-4360-BC3E-EC8CEE403C3A}.Debug|x64.ActiveCfg = Debug|Any CPU
		{6C70F2D6-9718-4360-BC3E-EC8CEE403C3A}.Debug|x64.Build.0 = Debug|Any CPU
		{6C70F2D6-9718-4360-BC3E-EC8CEE403C3A}.Debug|x86.ActiveCfg = Debug|Any CPU
		{6C70F2D6-9718-4360-BC3E-EC8CEE403C3A}.Debug|x86.Build.0 = Debug|Any CPU
		{6C70F2D6-9718-4360-BC3E-EC8CEE403C3A}.Release|Any CPU.ActiveCfg = Release|Any CPU
		{6C70F2D6-9718-4360-BC3E-EC8CEE403C3A}.Release|Any CPU.Build.0 = Release|Any CPU
		{6C70F2D6-9718-4360-BC3E-EC8CEE403C3A}.Release|x64.ActiveCfg = Release|Any CPU
		{6C70F2D6-9718-4360-BC3E-EC8CEE403C3A}.Release|x64.Build.0 = Release|Any CPU
		{6C70F2D6-9718-4360-BC3E-EC8CEE403C3A}.Release|x86.ActiveCfg = Release|Any CPU
		{6C70F2D6-9718-4360-BC3E-EC8CEE403C3A}.Release|x86.Build.0 = Release|Any CPU
		{33D83BBB-060C-468A-9130-BCCBBB4D918A}.Debug|Any CPU.ActiveCfg = Debug|Any CPU
		{33D83BBB-060C-468A-9130-BCCBBB4D918A}.Debug|Any CPU.Build.0 = Debug|Any CPU
		{33D83BBB-060C-468A-9130-BCCBBB4D918A}.Debug|x64.ActiveCfg = Debug|Any CPU
		{33D83BBB-060C-468A-9130-BCCBBB4D918A}.Debug|x64.Build.0 = Debug|Any CPU
		{33D83BBB-060C-468A-9130-BCCBBB4D918A}.Debug|x86.ActiveCfg = Debug|Any CPU
		{33D83BBB-060C-468A-9130-BCCBBB4D918A}.Debug|x86.Build.0 = Debug|Any CPU
		{33D83BBB-060C-468A-9130-BCCBBB4D918A}.Release|Any CPU.ActiveCfg = Release|Any CPU
		{33D83BBB-060C-468A-9130-BCCBBB4D918A}.Release|Any CPU.Build.0 = Release|Any CPU
		{33D83BBB-060C-468A-9130-BCCBBB4D918A}.Release|x64.ActiveCfg = Release|Any CPU
		{33D83BBB-060C-468A-9130-BCCBBB4D918A}.Release|x64.Build.0 = Release|Any CPU
		{33D83BBB-060C-468A-9130-BCCBBB4D918A}.Release|x86.ActiveCfg = Release|Any CPU
		{33D83BBB-060C-468A-9130-BCCBBB4D918A}.Release|x86.Build.0 = Release|Any CPU
		{0295EFFB-3798-43E7-9075-9F156258880D}.Debug|Any CPU.ActiveCfg = Debug|Any CPU
		{0295EFFB-3798-43E7-9075-9F156258880D}.Debug|Any CPU.Build.0 = Debug|Any CPU
		{0295EFFB-3798-43E7-9075-9F156258880D}.Debug|x64.ActiveCfg = Debug|Any CPU
		{0295EFFB-3798-43E7-9075-9F156258880D}.Debug|x64.Build.0 = Debug|Any CPU
		{0295EFFB-3798-43E7-9075-9F156258880D}.Debug|x86.ActiveCfg = Debug|Any CPU
		{0295EFFB-3798-43E7-9075-9F156258880D}.Debug|x86.Build.0 = Debug|Any CPU
		{0295EFFB-3798-43E7-9075-9F156258880D}.Release|Any CPU.ActiveCfg = Release|Any CPU
		{0295EFFB-3798-43E7-9075-9F156258880D}.Release|Any CPU.Build.0 = Release|Any CPU
		{0295EFFB-3798-43E7-9075-9F156258880D}.Release|x64.ActiveCfg = Release|Any CPU
		{0295EFFB-3798-43E7-9075-9F156258880D}.Release|x64.Build.0 = Release|Any CPU
		{0295EFFB-3798-43E7-9075-9F156258880D}.Release|x86.ActiveCfg = Release|Any CPU
		{0295EFFB-3798-43E7-9075-9F156258880D}.Release|x86.Build.0 = Release|Any CPU
		{42347FB6-2D86-4D10-90C5-6C09E2471EDF}.Debug|Any CPU.ActiveCfg = Debug|Any CPU
		{42347FB6-2D86-4D10-90C5-6C09E2471EDF}.Debug|Any CPU.Build.0 = Debug|Any CPU
		{42347FB6-2D86-4D10-90C5-6C09E2471EDF}.Debug|x64.ActiveCfg = Debug|Any CPU
		{42347FB6-2D86-4D10-90C5-6C09E2471EDF}.Debug|x64.Build.0 = Debug|Any CPU
		{42347FB6-2D86-4D10-90C5-6C09E2471EDF}.Debug|x86.ActiveCfg = Debug|Any CPU
		{42347FB6-2D86-4D10-90C5-6C09E2471EDF}.Debug|x86.Build.0 = Debug|Any CPU
		{42347FB6-2D86-4D10-90C5-6C09E2471EDF}.Release|Any CPU.ActiveCfg = Release|Any CPU
		{42347FB6-2D86-4D10-90C5-6C09E2471EDF}.Release|Any CPU.Build.0 = Release|Any CPU
		{42347FB6-2D86-4D10-90C5-6C09E2471EDF}.Release|x64.ActiveCfg = Release|Any CPU
		{42347FB6-2D86-4D10-90C5-6C09E2471EDF}.Release|x64.Build.0 = Release|Any CPU
		{42347FB6-2D86-4D10-90C5-6C09E2471EDF}.Release|x86.ActiveCfg = Release|Any CPU
		{42347FB6-2D86-4D10-90C5-6C09E2471EDF}.Release|x86.Build.0 = Release|Any CPU
	EndGlobalSection
	GlobalSection(SolutionProperties) = preSolution
		HideSolutionNode = FALSE
	EndGlobalSection
	GlobalSection(NestedProjects) = preSolution
		{C8AF6C30-F635-441E-9414-1943B00BA11A} = {07C2787E-EAC7-C090-1BA3-A61EC2A24D84}
		{CB3A0AFC-65A7-41FC-A7C8-85D8C29AE556} = {07C2787E-EAC7-C090-1BA3-A61EC2A24D84}
		{C523B811-2A18-4003-971A-F661BCB38B7C} = {07C2787E-EAC7-C090-1BA3-A61EC2A24D84}
		{B3E67CC2-E9C2-4BF0-9002-60D5F07B70CA} = {2E2423DC-6AAD-43E1-BB0D-E5979050D26C}
		{216E0BE9-FF33-4B37-93FA-8374A5D8CCBE} = {9B5E729A-9968-4759-9758-660266DC520B}
		{8BC1AB6A-4BAB-42D1-ABEF-F704BE130BD2} = {9B5E729A-9968-4759-9758-660266DC520B}
		{1EF5D3EE-977E-4BD0-B2C2-9FDCC95268EF} = {65D94FE7-9303-4769-B0EC-4586F5D12BBE}
		{069A1038-92E7-463B-9B7C-3BEA91397D8D} = {65D94FE7-9303-4769-B0EC-4586F5D12BBE}
		{6FAEB21E-CFB9-4BD0-9A9A-52BC0BCD0389} = {65D94FE7-9303-4769-B0EC-4586F5D12BBE}
		{24D0C05C-2DE4-4CA9-89A6-945AE0FFBC5C} = {32696785-5465-433E-AA0B-435696DF3022}
		{B31FAA34-BF24-4FD4-B31D-78F4ACA998E0} = {32696785-5465-433E-AA0B-435696DF3022}
		{9B94DEBA-BA6F-485E-8D7D-5C6AABB70699} = {E5AC8E9B-7C3E-4F9E-8A2D-1B9C5D3F6E2A}
		{04865C29-FE56-458F-A7B5-BE49DF764E7F} = {E5AC8E9B-7C3E-4F9E-8A2D-1B9C5D3F6E2A}
		{D6E6336A-6425-4958-8925-D96AA22E328C} = {441F3C1B-8037-1FE0-AD9B-D09EEF741808}
		{F7D3F052-B495-4C1E-812D-B65DE56E3E56} = {441F3C1B-8037-1FE0-AD9B-D09EEF741808}
		{0F6138F7-F1C1-4D9B-967B-508F754F6C6B} = {441F3C1B-8037-1FE0-AD9B-D09EEF741808}
		{2138FD1A-CA6F-4053-9A98-5F3F67958BD6} = {441F3C1B-8037-1FE0-AD9B-D09EEF741808}
		{FBA4A3D7-BDF3-42E2-8E89-C6F40A106163} = {441F3C1B-8037-1FE0-AD9B-D09EEF741808}
		{6C70F2D6-9718-4360-BC3E-EC8CEE403C3A} = {441F3C1B-8037-1FE0-AD9B-D09EEF741808}
		{33D83BBB-060C-468A-9130-BCCBBB4D918A} = {441F3C1B-8037-1FE0-AD9B-D09EEF741808}
		{0295EFFB-3798-43E7-9075-9F156258880D} = {441F3C1B-8037-1FE0-AD9B-D09EEF741808}
		{42347FB6-2D86-4D10-90C5-6C09E2471EDF} = {441F3C1B-8037-1FE0-AD9B-D09EEF741808}
	EndGlobalSection
	GlobalSection(ExtensibilityGlobals) = postSolution
		SolutionGuid = {EA301BD3-B40C-492E-A52B-6B41AFC7C5D1}
	EndGlobalSection
EndGlobal
